
Microsoft Visual Studio Solution File, Format Version 12.00
# Visual Studio Version 16
VisualStudioVersion = 16.0.30907.101
MinimumVisualStudioVersion = 10.0.40219.1
Project("{FAE04EC0-301F-11D3-BF4B-00C04F79EFBC}") = "Ripremia.Android", "Ripremia.Android\Ripremia.Android.csproj", "{B12069ED-7EF7-4D20-BC61-2FD70715A340}"
EndProject
Project("{FAE04EC0-301F-11D3-BF4B-00C04F79EFBC}") = "Ripremia.iOS", "Ripremia.iOS\Ripremia.iOS.csproj", "{8111F899-63E3-42E7-B193-F6F15708337F}"
EndProject
Project("{FAE04EC0-301F-11D3-BF4B-00C04F79EFBC}") = "Ripremia", "Ripremia\Ripremia.csproj", "{E4E2F3AA-0E48-4861-AE33-7152EC123862}"
EndProject
Global
	GlobalSection(SolutionConfigurationPlatforms) = preSolution
		Debug|Any CPU = Debug|Any CPU
		Debug|iPhone = Debug|iPhone
		Debug|iPhoneSimulator = Debug|iPhoneSimulator
		Release|Any CPU = Release|Any CPU
		Release|iPhone = Release|iPhone
		Release|iPhoneSimulator = Release|iPhoneSimulator
	EndGlobalSection
	GlobalSection(ProjectConfigurationPlatforms) = postSolution
		{B12069ED-7EF7-4D20-BC61-2FD70715A340}.Debug|Any CPU.ActiveCfg = Debug|Any CPU
		{B12069ED-7EF7-4D20-BC61-2FD70715A340}.Debug|Any CPU.Build.0 = Debug|Any CPU
		{B12069ED-7EF7-4D20-BC61-2FD70715A340}.Debug|Any CPU.Deploy.0 = Debug|Any CPU
		{B12069ED-7EF7-4D20-BC61-2FD70715A340}.Debug|iPhone.ActiveCfg = Debug|Any CPU
		{B12069ED-7EF7-4D20-BC61-2FD70715A340}.Debug|iPhone.Build.0 = Debug|Any CPU
		{B12069ED-7EF7-4D20-BC61-2FD70715A340}.Debug|iPhone.Deploy.0 = Debug|Any CPU
		{B12069ED-7EF7-4D20-BC61-2FD70715A340}.Debug|iPhoneSimulator.ActiveCfg = Debug|Any CPU
		{B12069ED-7EF7-4D20-BC61-2FD70715A340}.Debug|iPhoneSimulator.Build.0 = Debug|Any CPU
		{B12069ED-7EF7-4D20-BC61-2FD70715A340}.Debug|iPhoneSimulator.Deploy.0 = Debug|Any CPU
		{B12069ED-7EF7-4D20-BC61-2FD70715A340}.Release|Any CPU.ActiveCfg = Release|Any CPU
		{B12069ED-7EF7-4D20-BC61-2FD70715A340}.Release|Any CPU.Build.0 = Release|Any CPU
		{B12069ED-7EF7-4D20-BC61-2FD70715A340}.Release|Any CPU.Deploy.0 = Release|Any CPU
		{B12069ED-7EF7-4D20-BC61-2FD70715A340}.Release|iPhone.ActiveCfg = Release|Any CPU
		{B12069ED-7EF7-4D20-BC61-2FD70715A340}.Release|iPhone.Build.0 = Release|Any CPU
		{B12069ED-7EF7-4D20-BC61-2FD70715A340}.Release|iPhone.Deploy.0 = Release|Any CPU
		{B12069ED-7EF7-4D20-BC61-2FD70715A340}.Release|iPhoneSimulator.ActiveCfg = Release|Any CPU
		{B12069ED-7EF7-4D20-BC61-2FD70715A340}.Release|iPhoneSimulator.Build.0 = Release|Any CPU
		{B12069ED-7EF7-4D20-BC61-2FD70715A340}.Release|iPhoneSimulator.Deploy.0 = Release|Any CPU
		{8111F899-63E3-42E7-B193-F6F15708337F}.Debug|Any CPU.ActiveCfg = Debug|iPhone
		{8111F899-63E3-42E7-B193-F6F15708337F}.Debug|Any CPU.Build.0 = Debug|iPhone
		{8111F899-63E3-42E7-B193-F6F15708337F}.Debug|Any CPU.Deploy.0 = Debug|iPhone
		{8111F899-63E3-42E7-B193-F6F15708337F}.Debug|iPhone.ActiveCfg = Debug|iPhone
		{8111F899-63E3-42E7-B193-F6F15708337F}.Debug|iPhone.Build.0 = Debug|iPhone
		{8111F899-63E3-42E7-B193-F6F15708337F}.Debug|iPhone.Deploy.0 = Debug|iPhone
		{8111F899-63E3-42E7-B193-F6F15708337F}.Debug|iPhoneSimulator.ActiveCfg = Debug|iPhoneSimulator
		{8111F899-63E3-42E7-B193-F6F15708337F}.Debug|iPhoneSimulator.Build.0 = Debug|iPhoneSimulator
		{8111F899-63E3-42E7-B193-F6F15708337F}.Debug|iPhoneSimulator.Deploy.0 = Debug|iPhoneSimulator
		{8111F899-63E3-42E7-B193-F6F15708337F}.Release|Any CPU.ActiveCfg = Release|iPhoneSimulator
		{8111F899-63E3-42E7-B193-F6F15708337F}.Release|Any CPU.Build.0 = Release|iPhoneSimulator
		{8111F899-63E3-42E7-B193-F6F15708337F}.Release|Any CPU.Deploy.0 = Release|iPhoneSimulator
		{8111F899-63E3-42E7-B193-F6F15708337F}.Release|iPhone.ActiveCfg = Release|iPhone
		{8111F899-63E3-42E7-B193-F6F15708337F}.Release|iPhone.Build.0 = Release|iPhone
		{8111F899-63E3-42E7-B193-F6F15708337F}.Release|iPhone.Deploy.0 = Release|iPhone
		{8111F899-63E3-42E7-B193-F6F15708337F}.Release|iPhoneSimulator.ActiveCfg = Release|iPhoneSimulator
		{8111F899-63E3-42E7-B193-F6F15708337F}.Release|iPhoneSimulator.Build.0 = Release|iPhoneSimulator
		{8111F899-63E3-42E7-B193-F6F15708337F}.Release|iPhoneSimulator.Deploy.0 = Release|iPhoneSimulator
		{E4E2F3AA-0E48-4861-AE33-7152EC123862}.Debug|Any CPU.ActiveCfg = Debug|Any CPU
		{E4E2F3AA-0E48-4861-AE33-7152EC123862}.Debug|Any CPU.Build.0 = Debug|Any CPU
		{E4E2F3AA-0E48-4861-AE33-7152EC123862}.Debug|Any CPU.Deploy.0 = Debug|Any CPU
		{E4E2F3AA-0E48-4861-AE33-7152EC123862}.Debug|iPhone.ActiveCfg = Debug|Any CPU
		{E4E2F3AA-0E48-4861-AE33-7152EC123862}.Debug|iPhone.Build.0 = Debug|Any CPU
		{E4E2F3AA-0E48-4861-AE33-7152EC123862}.Debug|iPhone.Deploy.0 = Debug|Any CPU
		{E4E2F3AA-0E48-4861-AE33-7152EC123862}.Debug|iPhoneSimulator.ActiveCfg = Debug|Any CPU
		{E4E2F3AA-0E48-4861-AE33-7152EC123862}.Debug|iPhoneSimulator.Build.0 = Debug|Any CPU
		{E4E2F3AA-0E48-4861-AE33-7152EC123862}.Debug|iPhoneSimulator.Deploy.0 = Debug|Any CPU
		{E4E2F3AA-0E48-4861-AE33-7152EC123862}.Release|Any CPU.ActiveCfg = Release|Any CPU
		{E4E2F3AA-0E48-4861-AE33-7152EC123862}.Release|Any CPU.Build.0 = Release|Any CPU
		{E4E2F3AA-0E48-4861-AE33-7152EC123862}.Release|Any CPU.Deploy.0 = Release|Any CPU
		{E4E2F3AA-0E48-4861-AE33-7152EC123862}.Release|iPhone.ActiveCfg = Release|Any CPU
		{E4E2F3AA-0E48-4861-AE33-7152EC123862}.Release|iPhone.Build.0 = Release|Any CPU
		{E4E2F3AA-0E48-4861-AE33-7152EC123862}.Release|iPhone.Deploy.0 = Release|Any CPU
		{E4E2F3AA-0E48-4861-AE33-7152EC123862}.Release|iPhoneSimulator.ActiveCfg = Release|Any CPU
		{E4E2F3AA-0E48-4861-AE33-7152EC123862}.Release|iPhoneSimulator.Build.0 = Release|Any CPU
		{E4E2F3AA-0E48-4861-AE33-7152EC123862}.Release|iPhoneSimulator.Deploy.0 = Release|Any CPU
	EndGlobalSection
	GlobalSection(SolutionProperties) = preSolution
		HideSolutionNode = FALSE
	EndGlobalSection
	GlobalSection(ExtensibilityGlobals) = postSolution
		SolutionGuid = {D1FE88AA-8C03-4F22-BD8A-4D434F3BF585}
	EndGlobalSection
EndGlobal
